
Microsoft Visual Studio Solution File, Format Version 12.00
# Visual Studio 15
VisualStudioVersion = 15.0.28010.2046
MinimumVisualStudioVersion = 10.0.40219.1
Project("{FAE04EC0-301F-11D3-BF4B-00C04F79EFBC}") = "QuickSortStart", "QuickSortStart\QuickSortStart.csproj", "{B85F4F2B-5699-45BB-84C7-171C7B51E153}"
EndProject
Global
	GlobalSection(SolutionConfigurationPlatforms) = preSolution
		Debug|Any CPU = Debug|Any CPU
		Release|Any CPU = Release|Any CPU
	EndGlobalSection
	GlobalSection(ProjectConfigurationPlatforms) = postSolution
		{B85F4F2B-5699-45BB-84C7-171C7B51E153}.Debug|Any CPU.ActiveCfg = Debug|Any CPU
		{B85F4F2B-5699-45BB-84C7-171C7B51E153}.Debug|Any CPU.Build.0 = Debug|Any CPU
		{B85F4F2B-5699-45BB-84C7-171C7B51E153}.Release|Any CPU.ActiveCfg = Release|Any CPU
		{B85F4F2B-5699-45BB-84C7-171C7B51E153}.Release|Any CPU.Build.0 = Release|Any CPU
	EndGlobalSection
	GlobalSection(SolutionProperties) = preSolution
		HideSolutionNode = FALSE
	EndGlobalSection
	GlobalSection(ExtensibilityGlobals) = postSolution
		SolutionGuid = {DC01F880-C5C0-466F-BA5F-B200AF0CC601}
	EndGlobalSection
EndGlobal
