
Microsoft Visual Studio Solution File, Format Version 12.00
# Visual Studio 2012
Project("{FAE04EC0-301F-11D3-BF4B-00C04F79EFBC}") = "QuizeOnStructures", "QuizeOnStructures\QuizeOnStructures.csproj", "{1E4D2984-D583-451B-85D2-2988D5EC4183}"
EndProject
Global
	GlobalSection(SolutionConfigurationPlatforms) = preSolution
		Debug|Any CPU = Debug|Any CPU
		Release|Any CPU = Release|Any CPU
	EndGlobalSection
	GlobalSection(ProjectConfigurationPlatforms) = postSolution
		{1E4D2984-D583-451B-85D2-2988D5EC4183}.Debug|Any CPU.ActiveCfg = Debug|Any CPU
		{1E4D2984-D583-451B-85D2-2988D5EC4183}.Debug|Any CPU.Build.0 = Debug|Any CPU
		{1E4D2984-D583-451B-85D2-2988D5EC4183}.Release|Any CPU.ActiveCfg = Release|Any CPU
		{1E4D2984-D583-451B-85D2-2988D5EC4183}.Release|Any CPU.Build.0 = Release|Any CPU
	EndGlobalSection
	GlobalSection(SolutionProperties) = preSolution
		HideSolutionNode = FALSE
	EndGlobalSection
EndGlobal
