
Microsoft Visual Studio Solution File, Format Version 12.00
# Visual Studio 15
VisualStudioVersion = 15.0.28010.2046
MinimumVisualStudioVersion = 10.0.40219.1
Project("{FAE04EC0-301F-11D3-BF4B-00C04F79EFBC}") = "SelectionInsertionBubbleQuickSort", "SelectionInsertionBubbleQuickSort\SelectionInsertionBubbleQuickSort.csproj", "{2A901C48-9842-4582-9C32-3783BCA4B1A0}"
EndProject
Global
	GlobalSection(SolutionConfigurationPlatforms) = preSolution
		Debug|Any CPU = Debug|Any CPU
		Release|Any CPU = Release|Any CPU
	EndGlobalSection
	GlobalSection(ProjectConfigurationPlatforms) = postSolution
		{2A901C48-9842-4582-9C32-3783BCA4B1A0}.Debug|Any CPU.ActiveCfg = Debug|Any CPU
		{2A901C48-9842-4582-9C32-3783BCA4B1A0}.Debug|Any CPU.Build.0 = Debug|Any CPU
		{2A901C48-9842-4582-9C32-3783BCA4B1A0}.Release|Any CPU.ActiveCfg = Release|Any CPU
		{2A901C48-9842-4582-9C32-3783BCA4B1A0}.Release|Any CPU.Build.0 = Release|Any CPU
	EndGlobalSection
	GlobalSection(SolutionProperties) = preSolution
		HideSolutionNode = FALSE
	EndGlobalSection
	GlobalSection(ExtensibilityGlobals) = postSolution
		SolutionGuid = {6C6DBC42-C65F-4C08-8A81-E221CADC7FD6}
	EndGlobalSection
EndGlobal
